// !$*UTF8*$!
{
	archiveVersion = 1;
	classes = {
	};
	objectVersion = 46;
	objects = {

/* Begin PBXBuildFile section */
		6108A4971EF8F69C00BCCE9C /* AppDelegate.swift in Sources */ = {isa = PBXBuildFile; fileRef = 6108A4961EF8F69C00BCCE9C /* AppDelegate.swift */; };
		6108A4991EF8F69C00BCCE9C /* ViewController.swift in Sources */ = {isa = PBXBuildFile; fileRef = 6108A4981EF8F69C00BCCE9C /* ViewController.swift */; };
		6108A49C1EF8F69C00BCCE9C /* Main.storyboard in Resources */ = {isa = PBXBuildFile; fileRef = 6108A49A1EF8F69C00BCCE9C /* Main.storyboard */; };
		6108A49E1EF8F69C00BCCE9C /* Assets.xcassets in Resources */ = {isa = PBXBuildFile; fileRef = 6108A49D1EF8F69C00BCCE9C /* Assets.xcassets */; };
		6108A4A11EF8F69C00BCCE9C /* LaunchScreen.storyboard in Resources */ = {isa = PBXBuildFile; fileRef = 6108A49F1EF8F69C00BCCE9C /* LaunchScreen.storyboard */; };
		6108A4AC1EF8F69D00BCCE9C /* ChiselCutTests.swift in Sources */ = {isa = PBXBuildFile; fileRef = 6108A4AB1EF8F69D00BCCE9C /* ChiselCutTests.swift */; };
		6108A4B71EF8F69D00BCCE9C /* ChiselCutUITests.swift in Sources */ = {isa = PBXBuildFile; fileRef = 6108A4B61EF8F69D00BCCE9C /* ChiselCutUITests.swift */; };
/* End PBXBuildFile section */

/* Begin PBXContainerItemProxy section */
		6108A4A81EF8F69D00BCCE9C /* PBXContainerItemProxy */ = {
			isa = PBXContainerItemProxy;
			containerPortal = 6108A48B1EF8F69C00BCCE9C /* Project object */;
			proxyType = 1;
			remoteGlobalIDString = 6108A4921EF8F69C00BCCE9C;
			remoteInfo = ChiselCut;
		};
		6108A4B31EF8F69D00BCCE9C /* PBXContainerItemProxy */ = {
			isa = PBXContainerItemProxy;
			containerPortal = 6108A48B1EF8F69C00BCCE9C /* Project object */;
			proxyType = 1;
			remoteGlobalIDString = 6108A4921EF8F69C00BCCE9C;
			remoteInfo = ChiselCut;
		};
/* End PBXContainerItemProxy section */

/* Begin PBXFileReference section */
		6108A4931EF8F69C00BCCE9C /* ChiselCut.app */ = {isa = PBXFileReference; explicitFileType = wrapper.application; includeInIndex = 0; path = ChiselCut.app; sourceTree = BUILT_PRODUCTS_DIR; };
		6108A4961EF8F69C00BCCE9C /* AppDelegate.swift */ = {isa = PBXFileReference; lastKnownFileType = sourcecode.swift; path = AppDelegate.swift; sourceTree = "<group>"; };
		6108A4981EF8F69C00BCCE9C /* ViewController.swift */ = {isa = PBXFileReference; lastKnownFileType = sourcecode.swift; path = ViewController.swift; sourceTree = "<group>"; };
		6108A49B1EF8F69C00BCCE9C /* Base */ = {isa = PBXFileReference; lastKnownFileType = file.storyboard; name = Base; path = Base.lproj/Main.storyboard; sourceTree = "<group>"; };
		6108A49D1EF8F69C00BCCE9C /* Assets.xcassets */ = {isa = PBXFileReference; lastKnownFileType = folder.assetcatalog; path = Assets.xcassets; sourceTree = "<group>"; };
		6108A4A01EF8F69C00BCCE9C /* Base */ = {isa = PBXFileReference; lastKnownFileType = file.storyboard; name = Base; path = Base.lproj/LaunchScreen.storyboard; sourceTree = "<group>"; };
		6108A4A21EF8F69C00BCCE9C /* Info.plist */ = {isa = PBXFileReference; lastKnownFileType = text.plist.xml; path = Info.plist; sourceTree = "<group>"; };
		6108A4A71EF8F69D00BCCE9C /* ChiselCutTests.xctest */ = {isa = PBXFileReference; explicitFileType = wrapper.cfbundle; includeInIndex = 0; path = ChiselCutTests.xctest; sourceTree = BUILT_PRODUCTS_DIR; };
		6108A4AB1EF8F69D00BCCE9C /* ChiselCutTests.swift */ = {isa = PBXFileReference; lastKnownFileType = sourcecode.swift; path = ChiselCutTests.swift; sourceTree = "<group>"; };
		6108A4AD1EF8F69D00BCCE9C /* Info.plist */ = {isa = PBXFileReference; lastKnownFileType = text.plist.xml; path = Info.plist; sourceTree = "<group>"; };
		6108A4B21EF8F69D00BCCE9C /* ChiselCutUITests.xctest */ = {isa = PBXFileReference; explicitFileType = wrapper.cfbundle; includeInIndex = 0; path = ChiselCutUITests.xctest; sourceTree = BUILT_PRODUCTS_DIR; };
		6108A4B61EF8F69D00BCCE9C /* ChiselCutUITests.swift */ = {isa = PBXFileReference; lastKnownFileType = sourcecode.swift; path = ChiselCutUITests.swift; sourceTree = "<group>"; };
		6108A4B81EF8F69D00BCCE9C /* Info.plist */ = {isa = PBXFileReference; lastKnownFileType = text.plist.xml; path = Info.plist; sourceTree = "<group>"; };
/* End PBXFileReference section */

/* Begin PBXFrameworksBuildPhase section */
		6108A4901EF8F69C00BCCE9C /* Frameworks */ = {
			isa = PBXFrameworksBuildPhase;
			buildActionMask = 2147483647;
			files = (
			);
			runOnlyForDeploymentPostprocessing = 0;
		};
		6108A4A41EF8F69D00BCCE9C /* Frameworks */ = {
			isa = PBXFrameworksBuildPhase;
			buildActionMask = 2147483647;
			files = (
			);
			runOnlyForDeploymentPostprocessing = 0;
		};
		6108A4AF1EF8F69D00BCCE9C /* Frameworks */ = {
			isa = PBXFrameworksBuildPhase;
			buildActionMask = 2147483647;
			files = (
			);
			runOnlyForDeploymentPostprocessing = 0;
		};
/* End PBXFrameworksBuildPhase section */

/* Begin PBXGroup section */
		6108A48A1EF8F69C00BCCE9C = {
			isa = PBXGroup;
			children = (
				6108A4951EF8F69C00BCCE9C /* ChiselCut */,
				6108A4AA1EF8F69D00BCCE9C /* ChiselCutTests */,
				6108A4B51EF8F69D00BCCE9C /* ChiselCutUITests */,
				6108A4941EF8F69C00BCCE9C /* Products */,
			);
			sourceTree = "<group>";
		};
		6108A4941EF8F69C00BCCE9C /* Products */ = {
			isa = PBXGroup;
			children = (
				6108A4931EF8F69C00BCCE9C /* ChiselCut.app */,
				6108A4A71EF8F69D00BCCE9C /* ChiselCutTests.xctest */,
				6108A4B21EF8F69D00BCCE9C /* ChiselCutUITests.xctest */,
			);
			name = Products;
			sourceTree = "<group>";
		};
		6108A4951EF8F69C00BCCE9C /* ChiselCut */ = {
			isa = PBXGroup;
			children = (
				6108A4961EF8F69C00BCCE9C /* AppDelegate.swift */,
				6108A4981EF8F69C00BCCE9C /* ViewController.swift */,
				6108A49A1EF8F69C00BCCE9C /* Main.storyboard */,
				6108A49D1EF8F69C00BCCE9C /* Assets.xcassets */,
				6108A49F1EF8F69C00BCCE9C /* LaunchScreen.storyboard */,
				6108A4A21EF8F69C00BCCE9C /* Info.plist */,
			);
			path = ChiselCut;
			sourceTree = "<group>";
		};
		6108A4AA1EF8F69D00BCCE9C /* ChiselCutTests */ = {
			isa = PBXGroup;
			children = (
				6108A4AB1EF8F69D00BCCE9C /* ChiselCutTests.swift */,
				6108A4AD1EF8F69D00BCCE9C /* Info.plist */,
			);
			path = ChiselCutTests;
			sourceTree = "<group>";
		};
		6108A4B51EF8F69D00BCCE9C /* ChiselCutUITests */ = {
			isa = PBXGroup;
			children = (
				6108A4B61EF8F69D00BCCE9C /* ChiselCutUITests.swift */,
				6108A4B81EF8F69D00BCCE9C /* Info.plist */,
			);
			path = ChiselCutUITests;
			sourceTree = "<group>";
		};
/* End PBXGroup section */

/* Begin PBXNativeTarget section */
		6108A4921EF8F69C00BCCE9C /* ChiselCut */ = {
			isa = PBXNativeTarget;
			buildConfigurationList = 6108A4BB1EF8F69D00BCCE9C /* Build configuration list for PBXNativeTarget "ChiselCut" */;
			buildPhases = (
				6108A48F1EF8F69C00BCCE9C /* Sources */,
				6108A4901EF8F69C00BCCE9C /* Frameworks */,
				6108A4911EF8F69C00BCCE9C /* Resources */,
			);
			buildRules = (
			);
			dependencies = (
			);
			name = ChiselCut;
			productName = ChiselCut;
			productReference = 6108A4931EF8F69C00BCCE9C /* ChiselCut.app */;
			productType = "com.apple.product-type.application";
		};
		6108A4A61EF8F69D00BCCE9C /* ChiselCutTests */ = {
			isa = PBXNativeTarget;
			buildConfigurationList = 6108A4BE1EF8F69D00BCCE9C /* Build configuration list for PBXNativeTarget "ChiselCutTests" */;
			buildPhases = (
				6108A4A31EF8F69D00BCCE9C /* Sources */,
				6108A4A41EF8F69D00BCCE9C /* Frameworks */,
				6108A4A51EF8F69D00BCCE9C /* Resources */,
			);
			buildRules = (
			);
			dependencies = (
				6108A4A91EF8F69D00BCCE9C /* PBXTargetDependency */,
			);
			name = ChiselCutTests;
			productName = ChiselCutTests;
			productReference = 6108A4A71EF8F69D00BCCE9C /* ChiselCutTests.xctest */;
			productType = "com.apple.product-type.bundle.unit-test";
		};
		6108A4B11EF8F69D00BCCE9C /* ChiselCutUITests */ = {
			isa = PBXNativeTarget;
			buildConfigurationList = 6108A4C11EF8F69D00BCCE9C /* Build configuration list for PBXNativeTarget "ChiselCutUITests" */;
			buildPhases = (
				6108A4AE1EF8F69D00BCCE9C /* Sources */,
				6108A4AF1EF8F69D00BCCE9C /* Frameworks */,
				6108A4B01EF8F69D00BCCE9C /* Resources */,
			);
			buildRules = (
			);
			dependencies = (
				6108A4B41EF8F69D00BCCE9C /* PBXTargetDependency */,
			);
			name = ChiselCutUITests;
			productName = ChiselCutUITests;
			productReference = 6108A4B21EF8F69D00BCCE9C /* ChiselCutUITests.xctest */;
			productType = "com.apple.product-type.bundle.ui-testing";
		};
/* End PBXNativeTarget section */

/* Begin PBXProject section */
		6108A48B1EF8F69C00BCCE9C /* Project object */ = {
			isa = PBXProject;
			attributes = {
				LastSwiftUpdateCheck = 0830;
				LastUpgradeCheck = 0830;
				ORGANIZATIONNAME = "Chetan Chauhan";
				TargetAttributes = {
					6108A4921EF8F69C00BCCE9C = {
						CreatedOnToolsVersion = 8.3.2;
						ProvisioningStyle = Automatic;
					};
					6108A4A61EF8F69D00BCCE9C = {
						CreatedOnToolsVersion = 8.3.2;
						ProvisioningStyle = Automatic;
						TestTargetID = 6108A4921EF8F69C00BCCE9C;
					};
					6108A4B11EF8F69D00BCCE9C = {
						CreatedOnToolsVersion = 8.3.2;
						ProvisioningStyle = Automatic;
						TestTargetID = 6108A4921EF8F69C00BCCE9C;
					};
				};
			};
			buildConfigurationList = 6108A48E1EF8F69C00BCCE9C /* Build configuration list for PBXProject "ChiselCut" */;
			compatibilityVersion = "Xcode 3.2";
			developmentRegion = English;
			hasScannedForEncodings = 0;
			knownRegions = (
				en,
				Base,
			);
			mainGroup = 6108A48A1EF8F69C00BCCE9C;
			productRefGroup = 6108A4941EF8F69C00BCCE9C /* Products */;
			projectDirPath = "";
			projectRoot = "";
			targets = (
				6108A4921EF8F69C00BCCE9C /* ChiselCut */,
				6108A4A61EF8F69D00BCCE9C /* ChiselCutTests */,
				6108A4B11EF8F69D00BCCE9C /* ChiselCutUITests */,
			);
		};
/* End PBXProject section */

/* Begin PBXResourcesBuildPhase section */
		6108A4911EF8F69C00BCCE9C /* Resources */ = {
			isa = PBXResourcesBuildPhase;
			buildActionMask = 2147483647;
			files = (
				6108A4A11EF8F69C00BCCE9C /* LaunchScreen.storyboard in Resources */,
				6108A49E1EF8F69C00BCCE9C /* Assets.xcassets in Resources */,
				6108A49C1EF8F69C00BCCE9C /* Main.storyboard in Resources */,
			);
			runOnlyForDeploymentPostprocessing = 0;
		};
		6108A4A51EF8F69D00BCCE9C /* Resources */ = {
			isa = PBXResourcesBuildPhase;
			buildActionMask = 2147483647;
			files = (
			);
			runOnlyForDeploymentPostprocessing = 0;
		};
		6108A4B01EF8F69D00BCCE9C /* Resources */ = {
			isa = PBXResourcesBuildPhase;
			buildActionMask = 2147483647;
			files = (
			);
			runOnlyForDeploymentPostprocessing = 0;
		};
/* End PBXResourcesBuildPhase section */

/* Begin PBXSourcesBuildPhase section */
		6108A48F1EF8F69C00BCCE9C /* Sources */ = {
			isa = PBXSourcesBuildPhase;
			buildActionMask = 2147483647;
			files = (
				6108A4991EF8F69C00BCCE9C /* ViewController.swift in Sources */,
				6108A4971EF8F69C00BCCE9C /* AppDelegate.swift in Sources */,
			);
			runOnlyForDeploymentPostprocessing = 0;
		};
		6108A4A31EF8F69D00BCCE9C /* Sources */ = {
			isa = PBXSourcesBuildPhase;
			buildActionMask = 2147483647;
			files = (
				6108A4AC1EF8F69D00BCCE9C /* ChiselCutTests.swift in Sources */,
			);
			runOnlyForDeploymentPostprocessing = 0;
		};
		6108A4AE1EF8F69D00BCCE9C /* Sources */ = {
			isa = PBXSourcesBuildPhase;
			buildActionMask = 2147483647;
			files = (
				6108A4B71EF8F69D00BCCE9C /* ChiselCutUITests.swift in Sources */,
			);
			runOnlyForDeploymentPostprocessing = 0;
		};
/* End PBXSourcesBuildPhase section */

/* Begin PBXTargetDependency section */
		6108A4A91EF8F69D00BCCE9C /* PBXTargetDependency */ = {
			isa = PBXTargetDependency;
			target = 6108A4921EF8F69C00BCCE9C /* ChiselCut */;
			targetProxy = 6108A4A81EF8F69D00BCCE9C /* PBXContainerItemProxy */;
		};
		6108A4B41EF8F69D00BCCE9C /* PBXTargetDependency */ = {
			isa = PBXTargetDependency;
			target = 6108A4921EF8F69C00BCCE9C /* ChiselCut */;
			targetProxy = 6108A4B31EF8F69D00BCCE9C /* PBXContainerItemProxy */;
		};
/* End PBXTargetDependency section */

/* Begin PBXVariantGroup section */
		6108A49A1EF8F69C00BCCE9C /* Main.storyboard */ = {
			isa = PBXVariantGroup;
			children = (
				6108A49B1EF8F69C00BCCE9C /* Base */,
			);
			name = Main.storyboard;
			sourceTree = "<group>";
		};
		6108A49F1EF8F69C00BCCE9C /* LaunchScreen.storyboard */ = {
			isa = PBXVariantGroup;
			children = (
				6108A4A01EF8F69C00BCCE9C /* Base */,
			);
			name = LaunchScreen.storyboard;
			sourceTree = "<group>";
		};
/* End PBXVariantGroup section */

/* Begin XCBuildConfiguration section */
		6108A4B91EF8F69D00BCCE9C /* Debug */ = {
			isa = XCBuildConfiguration;
			buildSettings = {
				ALWAYS_SEARCH_USER_PATHS = NO;
				CLANG_ANALYZER_NONNULL = YES;
				CLANG_ANALYZER_NUMBER_OBJECT_CONVERSION = YES_AGGRESSIVE;
				CLANG_CXX_LANGUAGE_STANDARD = "gnu++0x";
				CLANG_CXX_LIBRARY = "libc++";
				CLANG_ENABLE_MODULES = YES;
				CLANG_ENABLE_OBJC_ARC = YES;
				CLANG_WARN_BOOL_CONVERSION = YES;
				CLANG_WARN_CONSTANT_CONVERSION = YES;
				CLANG_WARN_DIRECT_OBJC_ISA_USAGE = YES_ERROR;
				CLANG_WARN_DOCUMENTATION_COMMENTS = YES;
				CLANG_WARN_EMPTY_BODY = YES;
				CLANG_WARN_ENUM_CONVERSION = YES;
				CLANG_WARN_INFINITE_RECURSION = YES;
				CLANG_WARN_INT_CONVERSION = YES;
				CLANG_WARN_OBJC_ROOT_CLASS = YES_ERROR;
				CLANG_WARN_SUSPICIOUS_MOVE = YES;
				CLANG_WARN_UNREACHABLE_CODE = YES;
				CLANG_WARN__DUPLICATE_METHOD_MATCH = YES;
				"CODE_SIGN_IDENTITY[sdk=iphoneos*]" = "iPhone Developer";
				COPY_PHASE_STRIP = NO;
				DEBUG_INFORMATION_FORMAT = dwarf;
				ENABLE_STRICT_OBJC_MSGSEND = YES;
				ENABLE_TESTABILITY = YES;
				GCC_C_LANGUAGE_STANDARD = gnu99;
				GCC_DYNAMIC_NO_PIC = NO;
				GCC_NO_COMMON_BLOCKS = YES;
				GCC_OPTIMIZATION_LEVEL = 0;
				GCC_PREPROCESSOR_DEFINITIONS = (
					"DEBUG=1",
					"$(inherited)",
				);
				GCC_WARN_64_TO_32_BIT_CONVERSION = YES;
				GCC_WARN_ABOUT_RETURN_TYPE = YES_ERROR;
				GCC_WARN_UNDECLARED_SELECTOR = YES;
				GCC_WARN_UNINITIALIZED_AUTOS = YES_AGGRESSIVE;
				GCC_WARN_UNUSED_FUNCTION = YES;
				GCC_WARN_UNUSED_VARIABLE = YES;
				IPHONEOS_DEPLOYMENT_TARGET = 10.3;
				MTL_ENABLE_DEBUG_INFO = YES;
				ONLY_ACTIVE_ARCH = YES;
				SDKROOT = iphoneos;
				SWIFT_ACTIVE_COMPILATION_CONDITIONS = DEBUG;
				SWIFT_OPTIMIZATION_LEVEL = "-Onone";
				TARGETED_DEVICE_FAMILY = "1,2";
			};
			name = Debug;
		};
		6108A4BA1EF8F69D00BCCE9C /* Release */ = {
			isa = XCBuildConfiguration;
			buildSettings = {
				ALWAYS_SEARCH_USER_PATHS = NO;
				CLANG_ANALYZER_NONNULL = YES;
				CLANG_ANALYZER_NUMBER_OBJECT_CONVERSION = YES_AGGRESSIVE;
				CLANG_CXX_LANGUAGE_STANDARD = "gnu++0x";
				CLANG_CXX_LIBRARY = "libc++";
				CLANG_ENABLE_MODULES = YES;
				CLANG_ENABLE_OBJC_ARC = YES;
				CLANG_WARN_BOOL_CONVERSION = YES;
				CLANG_WARN_CONSTANT_CONVERSION = YES;
				CLANG_WARN_DIRECT_OBJC_ISA_USAGE = YES_ERROR;
				CLANG_WARN_DOCUMENTATION_COMMENTS = YES;
				CLANG_WARN_EMPTY_BODY = YES;
				CLANG_WARN_ENUM_CONVERSION = YES;
				CLANG_WARN_INFINITE_RECURSION = YES;
				CLANG_WARN_INT_CONVERSION = YES;
				CLANG_WARN_OBJC_ROOT_CLASS = YES_ERROR;
				CLANG_WARN_SUSPICIOUS_MOVE = YES;
				CLANG_WARN_UNREACHABLE_CODE = YES;
				CLANG_WARN__DUPLICATE_METHOD_MATCH = YES;
				"CODE_SIGN_IDENTITY[sdk=iphoneos*]" = "iPhone Developer";
				COPY_PHASE_STRIP = NO;
				DEBUG_INFORMATION_FORMAT = "dwarf-with-dsym";
				ENABLE_NS_ASSERTIONS = NO;
				ENABLE_STRICT_OBJC_MSGSEND = YES;
				GCC_C_LANGUAGE_STANDARD = gnu99;
				GCC_NO_COMMON_BLOCKS = YES;
				GCC_WARN_64_TO_32_BIT_CONVERSION = YES;
				GCC_WARN_ABOUT_RETURN_TYPE = YES_ERROR;
				GCC_WARN_UNDECLARED_SELECTOR = YES;
				GCC_WARN_UNINITIALIZED_AUTOS = YES_AGGRESSIVE;
				GCC_WARN_UNUSED_FUNCTION = YES;
				GCC_WARN_UNUSED_VARIABLE = YES;
				IPHONEOS_DEPLOYMENT_TARGET = 10.3;
				MTL_ENABLE_DEBUG_INFO = NO;
				SDKROOT = iphoneos;
				SWIFT_OPTIMIZATION_LEVEL = "-Owholemodule";
				TARGETED_DEVICE_FAMILY = "1,2";
				VALIDATE_PRODUCT = YES;
			};
			name = Release;
		};
		6108A4BC1EF8F69D00BCCE9C /* Debug */ = {
			isa = XCBuildConfiguration;
			buildSettings = {
				ASSETCATALOG_COMPILER_APPICON_NAME = AppIcon;
				INFOPLIST_FILE = ChiselCut/Info.plist;
				LD_RUNPATH_SEARCH_PATHS = "$(inherited) @executable_path/Frameworks";
				PRODUCT_BUNDLE_IDENTIFIER = com.chetan.ChiselCut;
				PRODUCT_NAME = "$(TARGET_NAME)";
				SWIFT_VERSION = 3.0;
			};
			name = Debug;
		};
		6108A4BD1EF8F69D00BCCE9C /* Release */ = {
			isa = XCBuildConfiguration;
			buildSettings = {
				ASSETCATALOG_COMPILER_APPICON_NAME = AppIcon;
				INFOPLIST_FILE = ChiselCut/Info.plist;
				LD_RUNPATH_SEARCH_PATHS = "$(inherited) @executable_path/Frameworks";
				PRODUCT_BUNDLE_IDENTIFIER = com.chetan.ChiselCut;
				PRODUCT_NAME = "$(TARGET_NAME)";
				SWIFT_VERSION = 3.0;
			};
			name = Release;
		};
		6108A4BF1EF8F69D00BCCE9C /* Debug */ = {
			isa = XCBuildConfiguration;
			buildSettings = {
				ALWAYS_EMBED_SWIFT_STANDARD_LIBRARIES = YES;
				BUNDLE_LOADER = "$(TEST_HOST)";
				INFOPLIST_FILE = ChiselCutTests/Info.plist;
				LD_RUNPATH_SEARCH_PATHS = "$(inherited) @executable_path/Frameworks @loader_path/Frameworks";
				PRODUCT_BUNDLE_IDENTIFIER = com.chetan.ChiselCutTests;
				PRODUCT_NAME = "$(TARGET_NAME)";
				SWIFT_VERSION = 3.0;
				TEST_HOST = "$(BUILT_PRODUCTS_DIR)/ChiselCut.app/ChiselCut";
			};
			name = Debug;
		};
		6108A4C01EF8F69D00BCCE9C /* Release */ = {
			isa = XCBuildConfiguration;
			buildSettings = {
				ALWAYS_EMBED_SWIFT_STANDARD_LIBRARIES = YES;
				BUNDLE_LOADER = "$(TEST_HOST)";
				INFOPLIST_FILE = ChiselCutTests/Info.plist;
				LD_RUNPATH_SEARCH_PATHS = "$(inherited) @executable_path/Frameworks @loader_path/Frameworks";
				PRODUCT_BUNDLE_IDENTIFIER = com.chetan.ChiselCutTests;
				PRODUCT_NAME = "$(TARGET_NAME)";
				SWIFT_VERSION = 3.0;
				TEST_HOST = "$(BUILT_PRODUCTS_DIR)/ChiselCut.app/ChiselCut";
			};
			name = Release;
		};
		6108A4C21EF8F69D00BCCE9C /* Debug */ = {
			isa = XCBuildConfiguration;
			buildSettings = {
				ALWAYS_EMBED_SWIFT_STANDARD_LIBRARIES = YES;
				INFOPLIST_FILE = ChiselCutUITests/Info.plist;
				LD_RUNPATH_SEARCH_PATHS = "$(inherited) @executable_path/Frameworks @loader_path/Frameworks";
				PRODUCT_BUNDLE_IDENTIFIER = com.chetan.ChiselCutUITests;
				PRODUCT_NAME = "$(TARGET_NAME)";
				SWIFT_VERSION = 3.0;
				TEST_TARGET_NAME = ChiselCut;
			};
			name = Debug;
		};
		6108A4C31EF8F69D00BCCE9C /* Release */ = {
			isa = XCBuildConfiguration;
			buildSettings = {
				ALWAYS_EMBED_SWIFT_STANDARD_LIBRARIES = YES;
				INFOPLIST_FILE = ChiselCutUITests/Info.plist;
				LD_RUNPATH_SEARCH_PATHS = "$(inherited) @executable_path/Frameworks @loader_path/Frameworks";
				PRODUCT_BUNDLE_IDENTIFIER = com.chetan.ChiselCutUITests;
				PRODUCT_NAME = "$(TARGET_NAME)";
				SWIFT_VERSION = 3.0;
				TEST_TARGET_NAME = ChiselCut;
			};
			name = Release;
		};
/* End XCBuildConfiguration section */

/* Begin XCConfigurationList section */
		6108A48E1EF8F69C00BCCE9C /* Build configuration list for PBXProject "ChiselCut" */ = {
			isa = XCConfigurationList;
			buildConfigurations = (
				6108A4B91EF8F69D00BCCE9C /* Debug */,
				6108A4BA1EF8F69D00BCCE9C /* Release */,
			);
			defaultConfigurationIsVisible = 0;
			defaultConfigurationName = Release;
		};
		6108A4BB1EF8F69D00BCCE9C /* Build configuration list for PBXNativeTarget "ChiselCut" */ = {
			isa = XCConfigurationList;
			buildConfigurations = (
				6108A4BC1EF8F69D00BCCE9C /* Debug */,
				6108A4BD1EF8F69D00BCCE9C /* Release */,
			);
			defaultConfigurationIsVisible = 0;
		};
		6108A4BE1EF8F69D00BCCE9C /* Build configuration list for PBXNativeTarget "ChiselCutTests" */ = {
			isa = XCConfigurationList;
			buildConfigurations = (
				6108A4BF1EF8F69D00BCCE9C /* Debug */,
				6108A4C01EF8F69D00BCCE9C /* Release */,
			);
			defaultConfigurationIsVisible = 0;
		};
		6108A4C11EF8F69D00BCCE9C /* Build configuration list for PBXNativeTarget "ChiselCutUITests" */ = {
			isa = XCConfigurationList;
			buildConfigurations = (
				6108A4C21EF8F69D00BCCE9C /* Debug */,
				6108A4C31EF8F69D00BCCE9C /* Release */,
			);
			defaultConfigurationIsVisible = 0;
		};
/* End XCConfigurationList section */
	};
	rootObject = 6108A48B1EF8F69C00BCCE9C /* Project object */;
}
